
Microsoft Visual Studio Solution File, Format Version 12.00
# Visual Studio 15
Project("{FAE04EC0-301F-11D3-BF4B-00C04F79EFBC}") = "Scripts", "Scripts.csproj", "{89BA38D2-D4A0-F198-5F75-0C94C88D2D75}"
EndProject
Project("{FAE04EC0-301F-11D3-BF4B-00C04F79EFBC}") = "Tests", "Tests.csproj", "{A0CDC700-1734-645E-F780-16A4F37C7462}"
EndProject
Global
	GlobalSection(SolutionConfigurationPlatforms) = preSolution
		Debug|Any CPU = Debug|Any CPU
		Release|Any CPU = Release|Any CPU
	EndGlobalSection
	GlobalSection(ProjectConfigurationPlatforms) = postSolution
		{89BA38D2-D4A0-F198-5F75-0C94C88D2D75}.Debug|Any CPU.ActiveCfg = Debug|Any CPU
		{89BA38D2-D4A0-F198-5F75-0C94C88D2D75}.Debug|Any CPU.Build.0 = Debug|Any CPU
		{89BA38D2-D4A0-F198-5F75-0C94C88D2D75}.Release|Any CPU.ActiveCfg = Release|Any CPU
		{89BA38D2-D4A0-F198-5F75-0C94C88D2D75}.Release|Any CPU.Build.0 = Release|Any CPU
		{A0CDC700-1734-645E-F780-16A4F37C7462}.Debug|Any CPU.ActiveCfg = Debug|Any CPU
		{A0CDC700-1734-645E-F780-16A4F37C7462}.Debug|Any CPU.Build.0 = Debug|Any CPU
		{A0CDC700-1734-645E-F780-16A4F37C7462}.Release|Any CPU.ActiveCfg = Release|Any CPU
		{A0CDC700-1734-645E-F780-16A4F37C7462}.Release|Any CPU.Build.0 = Release|Any CPU
	EndGlobalSection
	GlobalSection(SolutionProperties) = preSolution
		HideSolutionNode = FALSE
	EndGlobalSection
EndGlobal
